// !$*UTF8*$!
{
	archiveVersion = 1;
	classes = {
	};
	objectVersion = 51;
	objects = {

/* Begin PBXBuildFile section */
		82E3901D7B843F84FD8D1FA0 /* Pods_MarvelAppTests.framework in Frameworks */ = {isa = PBXBuildFile; fileRef = 7C3FD8D13396551028F8B2BA /* Pods_MarvelAppTests.framework */; };
		9DDCBE902225B3ED00DD1C09 /* AppDelegate.swift in Sources */ = {isa = PBXBuildFile; fileRef = 9DDCBE8F2225B3ED00DD1C09 /* AppDelegate.swift */; };
		9DDCBE972225B3EE00DD1C09 /* Assets.xcassets in Resources */ = {isa = PBXBuildFile; fileRef = 9DDCBE962225B3EE00DD1C09 /* Assets.xcassets */; };
		9DDCBE9A2225B3EE00DD1C09 /* LaunchScreen.storyboard in Resources */ = {isa = PBXBuildFile; fileRef = 9DDCBE982225B3EE00DD1C09 /* LaunchScreen.storyboard */; };
		AF04B93128184FEF002A9C02 /* HeroListSnapshotTests.swift in Sources */ = {isa = PBXBuildFile; fileRef = AF04B93028184FEF002A9C02 /* HeroListSnapshotTests.swift */; };
		AF04B933281850DE002A9C02 /* MockHeroListOutput.swift in Sources */ = {isa = PBXBuildFile; fileRef = AF04B932281850DE002A9C02 /* MockHeroListOutput.swift */; };
		AF04B935281854AB002A9C02 /* HeroDetailSnapshotTests.swift in Sources */ = {isa = PBXBuildFile; fileRef = AF04B934281854AB002A9C02 /* HeroDetailSnapshotTests.swift */; };
		AF04B93728185508002A9C02 /* MockHeroDetailOutput.swift in Sources */ = {isa = PBXBuildFile; fileRef = AF04B93628185508002A9C02 /* MockHeroDetailOutput.swift */; };
		AF04B93A281B2C9B002A9C02 /* ActionSheet.swift in Sources */ = {isa = PBXBuildFile; fileRef = AF04B939281B2C9B002A9C02 /* ActionSheet.swift */; };
		AF04B941281B2D93002A9C02 /* ActionSheetConfiguration.swift in Sources */ = {isa = PBXBuildFile; fileRef = AF04B93B281B2D93002A9C02 /* ActionSheetConfiguration.swift */; };
		AF04B942281B2D93002A9C02 /* ActionSheetAnimator.swift in Sources */ = {isa = PBXBuildFile; fileRef = AF04B93C281B2D93002A9C02 /* ActionSheetAnimator.swift */; };
		AF04B943281B2D93002A9C02 /* DefaultActionView.swift in Sources */ = {isa = PBXBuildFile; fileRef = AF04B93D281B2D93002A9C02 /* DefaultActionView.swift */; };
		AF04B944281B2D93002A9C02 /* ActionSheetConstants.swift in Sources */ = {isa = PBXBuildFile; fileRef = AF04B93E281B2D93002A9C02 /* ActionSheetConstants.swift */; };
		AF04B945281B2D93002A9C02 /* ActionSheetTransitionDelegate.swift in Sources */ = {isa = PBXBuildFile; fileRef = AF04B93F281B2D93002A9C02 /* ActionSheetTransitionDelegate.swift */; };
		AF04B946281B2D93002A9C02 /* ActionSheetPresenter.swift in Sources */ = {isa = PBXBuildFile; fileRef = AF04B940281B2D93002A9C02 /* ActionSheetPresenter.swift */; };
		AF04B948281B2EF2002A9C02 /* UIViewControllerTransitionCoordinator+Extensions.swift in Sources */ = {isa = PBXBuildFile; fileRef = AF04B947281B2EF2002A9C02 /* UIViewControllerTransitionCoordinator+Extensions.swift */; };
		AF04B94A281B461D002A9C02 /* ActionSheetTests.swift in Sources */ = {isa = PBXBuildFile; fileRef = AF04B949281B461D002A9C02 /* ActionSheetTests.swift */; };
		AF04B94C281C143A002A9C02 /* Snapshotting+Extensions.swift in Sources */ = {isa = PBXBuildFile; fileRef = AF04B94B281C143A002A9C02 /* Snapshotting+Extensions.swift */; };
		AF04B94E281C2528002A9C02 /* Images.swift in Sources */ = {isa = PBXBuildFile; fileRef = AF04B94D281C2528002A9C02 /* Images.swift */; };
		AF9E544D2817257A00759DC3 /* AppEnvironment.swift in Sources */ = {isa = PBXBuildFile; fileRef = 9DDCBEC12225C80800DD1C09 /* AppEnvironment.swift */; };
		AF9E544E2817257D00759DC3 /* Environment.swift in Sources */ = {isa = PBXBuildFile; fileRef = 9DDCBEC32225C80D00DD1C09 /* Environment.swift */; };
		AF9E544F2817259800759DC3 /* HeroDetail.storyboard in Resources */ = {isa = PBXBuildFile; fileRef = 9D47DED1222AC9FD0089F0AE /* HeroDetail.storyboard */; };
		AF9E54502817259800759DC3 /* HeroDetailInteractor.swift in Sources */ = {isa = PBXBuildFile; fileRef = 9D325FCE222B06E200DC3270 /* HeroDetailInteractor.swift */; };
		AF9E54512817259800759DC3 /* HeroDetailViewController.swift in Sources */ = {isa = PBXBuildFile; fileRef = 9D47DEC3222AB6990089F0AE /* HeroDetailViewController.swift */; };
		AF9E54522817259800759DC3 /* HeroDetailBuilder.swift in Sources */ = {isa = PBXBuildFile; fileRef = 9D325FD0222B06E900DC3270 /* HeroDetailBuilder.swift */; };
		AF9E5456281725A400759DC3 /* HeroListViewController.swift in Sources */ = {isa = PBXBuildFile; fileRef = 9DDCBE912225B3ED00DD1C09 /* HeroListViewController.swift */; };
		AF9E5457281725A400759DC3 /* HeroListInteractor.swift in Sources */ = {isa = PBXBuildFile; fileRef = 9D47DE9E22287CCA0089F0AE /* HeroListInteractor.swift */; };
		AF9E5458281725A400759DC3 /* HeroListBuilder.swift in Sources */ = {isa = PBXBuildFile; fileRef = 9D47DEA022287D870089F0AE /* HeroListBuilder.swift */; };
		AF9E5459281725A900759DC3 /* HeroList.storyboard in Resources */ = {isa = PBXBuildFile; fileRef = 9DDCBE932225B3ED00DD1C09 /* HeroList.storyboard */; };
		AF9E545A281725AE00759DC3 /* HeroDetailSectionHeader.swift in Sources */ = {isa = PBXBuildFile; fileRef = 9D47DEDD222AE0C80089F0AE /* HeroDetailSectionHeader.swift */; };
		AF9E545B281725B300759DC3 /* PosterCell.swift in Sources */ = {isa = PBXBuildFile; fileRef = 9D47DED3222ACB7C0089F0AE /* PosterCell.swift */; };
		AF9E545C281725B300759DC3 /* PosterCell.xib in Resources */ = {isa = PBXBuildFile; fileRef = 9D47DED5222ACB850089F0AE /* PosterCell.xib */; };
		AF9E545D281725B300759DC3 /* CardCell.swift in Sources */ = {isa = PBXBuildFile; fileRef = 9DDCBED62225D66E00DD1C09 /* CardCell.swift */; };
		AF9E545E281725B300759DC3 /* CardCell.xib in Resources */ = {isa = PBXBuildFile; fileRef = 9DDCBEDE2225D72400DD1C09 /* CardCell.xib */; };
		AF9E545F281725BA00759DC3 /* Tagged.swift in Sources */ = {isa = PBXBuildFile; fileRef = 9DB09387222D82C7003EFF7D /* Tagged.swift */; };
		AF9E5460281725BA00759DC3 /* StoryboardInstantiable.swift in Sources */ = {isa = PBXBuildFile; fileRef = 9DDCBEDA2225D6EF00DD1C09 /* StoryboardInstantiable.swift */; };
		AF9E5462281725BA00759DC3 /* UIView+Extensions.swift in Sources */ = {isa = PBXBuildFile; fileRef = 9D47DEA22228877A0089F0AE /* UIView+Extensions.swift */; };
		AF9E5463281725BA00759DC3 /* Nibloadable.swift in Sources */ = {isa = PBXBuildFile; fileRef = 9DDCBED82225D6EE00DD1C09 /* Nibloadable.swift */; };
		AF9E5465281725BA00759DC3 /* MD5.swift in Sources */ = {isa = PBXBuildFile; fileRef = 9DDCBED42225CB9A00DD1C09 /* MD5.swift */; };
		AF9E5466281725BA00759DC3 /* Dequeuer.swift in Sources */ = {isa = PBXBuildFile; fileRef = 9D325FD7222B0AB100DC3270 /* Dequeuer.swift */; };
		AF9E5467281725BA00759DC3 /* UIImageView+Extensions.swift in Sources */ = {isa = PBXBuildFile; fileRef = 9DDCBEE02225F33800DD1C09 /* UIImageView+Extensions.swift */; };
		AF9E5468281725C300759DC3 /* FavoritesService.swift in Sources */ = {isa = PBXBuildFile; fileRef = 9D325FE7222C1D7E00DC3270 /* FavoritesService.swift */; };
		AF9E5469281725C900759DC3 /* HeroListRequest.swift in Sources */ = {isa = PBXBuildFile; fileRef = 9D8EDC3C22273189009912FC /* HeroListRequest.swift */; };
		AF9E546A281725C900759DC3 /* Result.swift in Sources */ = {isa = PBXBuildFile; fileRef = 9DDCBED12225CB4F00DD1C09 /* Result.swift */; };
		AF9E546B281725C900759DC3 /* HeroProductsRequest.swift in Sources */ = {isa = PBXBuildFile; fileRef = 9D47DECF222AC61D0089F0AE /* HeroProductsRequest.swift */; };
		AF9E546C281725C900759DC3 /* API.swift in Sources */ = {isa = PBXBuildFile; fileRef = 9DDCBEC52225C9BF00DD1C09 /* API.swift */; };
		AF9E546D281725C900759DC3 /* PageOffsetGenerator.swift in Sources */ = {isa = PBXBuildFile; fileRef = 9D47DE9B22287BAC0089F0AE /* PageOffsetGenerator.swift */; };
		AF9E546E281725C900759DC3 /* RequestType.swift in Sources */ = {isa = PBXBuildFile; fileRef = 9D4462A522273BC000E25672 /* RequestType.swift */; };
		AF9E546F281725CE00759DC3 /* MarvelHero.swift in Sources */ = {isa = PBXBuildFile; fileRef = 9DDCBECD2225CAC900DD1C09 /* MarvelHero.swift */; };
		AF9E5470281725CE00759DC3 /* APICollection.swift in Sources */ = {isa = PBXBuildFile; fileRef = 9DDCBECB2225CABD00DD1C09 /* APICollection.swift */; };
		AF9E5471281725CE00759DC3 /* Thumbnail.swift in Sources */ = {isa = PBXBuildFile; fileRef = 9DDCBECF2225CAEA00DD1C09 /* Thumbnail.swift */; };
		AF9E5472281725CE00759DC3 /* HeroProduct.swift in Sources */ = {isa = PBXBuildFile; fileRef = 9D47DEC5222ABCA30089F0AE /* HeroProduct.swift */; };
		AF9E5473281725CE00759DC3 /* APIResponse.swift in Sources */ = {isa = PBXBuildFile; fileRef = 9DDCBEC92225CAAC00DD1C09 /* APIResponse.swift */; };
		AF9E54812817260F00759DC3 /* HeroListInteractorTests.swift in Sources */ = {isa = PBXBuildFile; fileRef = 9D47DEAA22288C1E0089F0AE /* HeroListInteractorTests.swift */; };
		AF9E54822817260F00759DC3 /* HeroDetailInteractorTests.swift in Sources */ = {isa = PBXBuildFile; fileRef = 9D325FD9222B0F0000DC3270 /* HeroDetailInteractorTests.swift */; };
		AF9E54832817261300759DC3 /* MockHeroListInput.swift in Sources */ = {isa = PBXBuildFile; fileRef = 9D47DEBD222892400089F0AE /* MockHeroListInput.swift */; };
		AF9E54842817261300759DC3 /* MockThumbnail.swift in Sources */ = {isa = PBXBuildFile; fileRef = 9D47DEBB2228908B0089F0AE /* MockThumbnail.swift */; };
		AF9E54852817261300759DC3 /* MockHeroDetailInput.swift in Sources */ = {isa = PBXBuildFile; fileRef = 9D325FDB222B1B9700DC3270 /* MockHeroDetailInput.swift */; };
		AF9E54862817261300759DC3 /* MockAPI.swift in Sources */ = {isa = PBXBuildFile; fileRef = 9D47DEB722288EA30089F0AE /* MockAPI.swift */; };
		AF9E54872817261300759DC3 /* MockHeroProduct.swift in Sources */ = {isa = PBXBuildFile; fileRef = 9D325FDD222B24F400DC3270 /* MockHeroProduct.swift */; };
		AF9E54882817261300759DC3 /* MockMarvelHero.swift in Sources */ = {isa = PBXBuildFile; fileRef = 9D47DEB922288F780089F0AE /* MockMarvelHero.swift */; };
		AF9E54892817261300759DC3 /* MockFavoritesService.swift in Sources */ = {isa = PBXBuildFile; fileRef = 9DB09385222D5830003EFF7D /* MockFavoritesService.swift */; };
		AF9E548A2817261300759DC3 /* MockAPICollection.swift in Sources */ = {isa = PBXBuildFile; fileRef = 9D47DEC122296A720089F0AE /* MockAPICollection.swift */; };
		AF9E548B2817261800759DC3 /* FuncCheck.swift in Sources */ = {isa = PBXBuildFile; fileRef = 9D47DEB322288CAB0089F0AE /* FuncCheck.swift */; };
		AF9E548C2817261800759DC3 /* XCTestCaseExtensions.swift in Sources */ = {isa = PBXBuildFile; fileRef = 9D325FDF222B2AE600DC3270 /* XCTestCaseExtensions.swift */; };
		AF9E548D2817261800759DC3 /* ClosureStub.swift in Sources */ = {isa = PBXBuildFile; fileRef = 9D47DEBF222967250089F0AE /* ClosureStub.swift */; };
		FAE87337A91BE5DA70A3EB9A /* Pods_MarvelApp.framework in Frameworks */ = {isa = PBXBuildFile; fileRef = BAE7549EBD199889EFF3A3C6 /* Pods_MarvelApp.framework */; };
/* End PBXBuildFile section */

/* Begin PBXContainerItemProxy section */
		AF9E547C2817260700759DC3 /* PBXContainerItemProxy */ = {
			isa = PBXContainerItemProxy;
			containerPortal = 9DDCBE842225B3EC00DD1C09 /* Project object */;
			proxyType = 1;
			remoteGlobalIDString = 9DDCBE8B2225B3ED00DD1C09;
			remoteInfo = MarvelApp;
		};
/* End PBXContainerItemProxy section */

/* Begin PBXCopyFilesBuildPhase section */
		9DDCBEE42225F37F00DD1C09 /* Embed Frameworks */ = {
			isa = PBXCopyFilesBuildPhase;
			buildActionMask = 2147483647;
			dstPath = "";
			dstSubfolderSpec = 10;
			files = (
			);
			name = "Embed Frameworks";
			runOnlyForDeploymentPostprocessing = 0;
		};
/* End PBXCopyFilesBuildPhase section */

/* Begin PBXFileReference section */
		5B0017EAECC0E0F582B92D99 /* Foundation.framework */ = {isa = PBXFileReference; lastKnownFileType = wrapper.framework; name = Foundation.framework; path = Platforms/iPhoneOS.platform/Developer/SDKs/iPhoneOS12.0.sdk/System/Library/Frameworks/Foundation.framework; sourceTree = DEVELOPER_DIR; };
		5E6130B8D42E2E2F4584A309 /* Pods-MarvelAppTests.debug.xcconfig */ = {isa = PBXFileReference; includeInIndex = 1; lastKnownFileType = text.xcconfig; name = "Pods-MarvelAppTests.debug.xcconfig"; path = "Target Support Files/Pods-MarvelAppTests/Pods-MarvelAppTests.debug.xcconfig"; sourceTree = "<group>"; };
		7C3FD8D13396551028F8B2BA /* Pods_MarvelAppTests.framework */ = {isa = PBXFileReference; explicitFileType = wrapper.framework; includeInIndex = 0; path = Pods_MarvelAppTests.framework; sourceTree = BUILT_PRODUCTS_DIR; };
		8F7FD48BFD9E5DDCD6435245 /* Info.plist */ = {isa = PBXFileReference; includeInIndex = 1; lastKnownFileType = text.plist.xml; name = Info.plist; path = MarvelAppFramework/Info.plist; sourceTree = "<group>"; };
		9D325FCE222B06E200DC3270 /* HeroDetailInteractor.swift */ = {isa = PBXFileReference; lastKnownFileType = sourcecode.swift; path = HeroDetailInteractor.swift; sourceTree = "<group>"; };
		9D325FD0222B06E900DC3270 /* HeroDetailBuilder.swift */ = {isa = PBXFileReference; lastKnownFileType = sourcecode.swift; path = HeroDetailBuilder.swift; sourceTree = "<group>"; };
		9D325FD7222B0AB100DC3270 /* Dequeuer.swift */ = {isa = PBXFileReference; lastKnownFileType = sourcecode.swift; path = Dequeuer.swift; sourceTree = "<group>"; };
		9D325FD9222B0F0000DC3270 /* HeroDetailInteractorTests.swift */ = {isa = PBXFileReference; lastKnownFileType = sourcecode.swift; path = HeroDetailInteractorTests.swift; sourceTree = "<group>"; };
		9D325FDB222B1B9700DC3270 /* MockHeroDetailInput.swift */ = {isa = PBXFileReference; lastKnownFileType = sourcecode.swift; path = MockHeroDetailInput.swift; sourceTree = "<group>"; };
		9D325FDD222B24F400DC3270 /* MockHeroProduct.swift */ = {isa = PBXFileReference; lastKnownFileType = sourcecode.swift; path = MockHeroProduct.swift; sourceTree = "<group>"; };
		9D325FDF222B2AE600DC3270 /* XCTestCaseExtensions.swift */ = {isa = PBXFileReference; lastKnownFileType = sourcecode.swift; path = XCTestCaseExtensions.swift; sourceTree = "<group>"; };
		9D325FE2222C179200DC3270 /* Images.xcassets */ = {isa = PBXFileReference; lastKnownFileType = folder.assetcatalog; path = Images.xcassets; sourceTree = "<group>"; };
		9D325FE7222C1D7E00DC3270 /* FavoritesService.swift */ = {isa = PBXFileReference; lastKnownFileType = sourcecode.swift; path = FavoritesService.swift; sourceTree = "<group>"; };
		9D4462A522273BC000E25672 /* RequestType.swift */ = {isa = PBXFileReference; lastKnownFileType = sourcecode.swift; path = RequestType.swift; sourceTree = "<group>"; };
		9D47DE9B22287BAC0089F0AE /* PageOffsetGenerator.swift */ = {isa = PBXFileReference; lastKnownFileType = sourcecode.swift; path = PageOffsetGenerator.swift; sourceTree = "<group>"; };
		9D47DE9E22287CCA0089F0AE /* HeroListInteractor.swift */ = {isa = PBXFileReference; lastKnownFileType = sourcecode.swift; path = HeroListInteractor.swift; sourceTree = "<group>"; };
		9D47DEA022287D870089F0AE /* HeroListBuilder.swift */ = {isa = PBXFileReference; lastKnownFileType = sourcecode.swift; path = HeroListBuilder.swift; sourceTree = "<group>"; };
		9D47DEA22228877A0089F0AE /* UIView+Extensions.swift */ = {isa = PBXFileReference; lastKnownFileType = sourcecode.swift; path = "UIView+Extensions.swift"; sourceTree = "<group>"; };
		9D47DEAA22288C1E0089F0AE /* HeroListInteractorTests.swift */ = {isa = PBXFileReference; lastKnownFileType = sourcecode.swift; path = HeroListInteractorTests.swift; sourceTree = "<group>"; };
		9D47DEB322288CAB0089F0AE /* FuncCheck.swift */ = {isa = PBXFileReference; fileEncoding = 4; lastKnownFileType = sourcecode.swift; path = FuncCheck.swift; sourceTree = "<group>"; };
		9D47DEB722288EA30089F0AE /* MockAPI.swift */ = {isa = PBXFileReference; lastKnownFileType = sourcecode.swift; path = MockAPI.swift; sourceTree = "<group>"; };
		9D47DEB922288F780089F0AE /* MockMarvelHero.swift */ = {isa = PBXFileReference; lastKnownFileType = sourcecode.swift; path = MockMarvelHero.swift; sourceTree = "<group>"; };
		9D47DEBB2228908B0089F0AE /* MockThumbnail.swift */ = {isa = PBXFileReference; lastKnownFileType = sourcecode.swift; path = MockThumbnail.swift; sourceTree = "<group>"; };
		9D47DEBD222892400089F0AE /* MockHeroListInput.swift */ = {isa = PBXFileReference; lastKnownFileType = sourcecode.swift; path = MockHeroListInput.swift; sourceTree = "<group>"; };
		9D47DEBF222967250089F0AE /* ClosureStub.swift */ = {isa = PBXFileReference; lastKnownFileType = sourcecode.swift; path = ClosureStub.swift; sourceTree = "<group>"; };
		9D47DEC122296A720089F0AE /* MockAPICollection.swift */ = {isa = PBXFileReference; lastKnownFileType = sourcecode.swift; path = MockAPICollection.swift; sourceTree = "<group>"; };
		9D47DEC3222AB6990089F0AE /* HeroDetailViewController.swift */ = {isa = PBXFileReference; lastKnownFileType = sourcecode.swift; path = HeroDetailViewController.swift; sourceTree = "<group>"; };
		9D47DEC5222ABCA30089F0AE /* HeroProduct.swift */ = {isa = PBXFileReference; lastKnownFileType = sourcecode.swift; path = HeroProduct.swift; sourceTree = "<group>"; };
		9D47DECF222AC61D0089F0AE /* HeroProductsRequest.swift */ = {isa = PBXFileReference; lastKnownFileType = sourcecode.swift; path = HeroProductsRequest.swift; sourceTree = "<group>"; };
		9D47DED1222AC9FD0089F0AE /* HeroDetail.storyboard */ = {isa = PBXFileReference; lastKnownFileType = file.storyboard; path = HeroDetail.storyboard; sourceTree = "<group>"; };
		9D47DED3222ACB7C0089F0AE /* PosterCell.swift */ = {isa = PBXFileReference; lastKnownFileType = sourcecode.swift; path = PosterCell.swift; sourceTree = "<group>"; };
		9D47DED5222ACB850089F0AE /* PosterCell.xib */ = {isa = PBXFileReference; lastKnownFileType = file.xib; path = PosterCell.xib; sourceTree = "<group>"; };
		9D47DEDD222AE0C80089F0AE /* HeroDetailSectionHeader.swift */ = {isa = PBXFileReference; lastKnownFileType = sourcecode.swift; path = HeroDetailSectionHeader.swift; sourceTree = "<group>"; };
		9D8EDC3C22273189009912FC /* HeroListRequest.swift */ = {isa = PBXFileReference; lastKnownFileType = sourcecode.swift; path = HeroListRequest.swift; sourceTree = "<group>"; };
		9DB09385222D5830003EFF7D /* MockFavoritesService.swift */ = {isa = PBXFileReference; lastKnownFileType = sourcecode.swift; path = MockFavoritesService.swift; sourceTree = "<group>"; };
		9DB09387222D82C7003EFF7D /* Tagged.swift */ = {isa = PBXFileReference; lastKnownFileType = sourcecode.swift; path = Tagged.swift; sourceTree = "<group>"; };
		9DDCBE8C2225B3ED00DD1C09 /* MarvelApp.app */ = {isa = PBXFileReference; explicitFileType = wrapper.application; includeInIndex = 0; path = MarvelApp.app; sourceTree = BUILT_PRODUCTS_DIR; };
		9DDCBE8F2225B3ED00DD1C09 /* AppDelegate.swift */ = {isa = PBXFileReference; lastKnownFileType = sourcecode.swift; path = AppDelegate.swift; sourceTree = "<group>"; };
		9DDCBE912225B3ED00DD1C09 /* HeroListViewController.swift */ = {isa = PBXFileReference; lastKnownFileType = sourcecode.swift; path = HeroListViewController.swift; sourceTree = "<group>"; };
		9DDCBE942225B3ED00DD1C09 /* Base */ = {isa = PBXFileReference; lastKnownFileType = file.storyboard; name = Base; path = Base.lproj/HeroList.storyboard; sourceTree = "<group>"; };
		9DDCBE962225B3EE00DD1C09 /* Assets.xcassets */ = {isa = PBXFileReference; lastKnownFileType = folder.assetcatalog; path = Assets.xcassets; sourceTree = "<group>"; };
		9DDCBE992225B3EE00DD1C09 /* Base */ = {isa = PBXFileReference; lastKnownFileType = file.storyboard; name = Base; path = Base.lproj/LaunchScreen.storyboard; sourceTree = "<group>"; };
		9DDCBE9B2225B3EE00DD1C09 /* Info.plist */ = {isa = PBXFileReference; lastKnownFileType = text.plist.xml; path = Info.plist; sourceTree = "<group>"; };
		9DDCBEC12225C80800DD1C09 /* AppEnvironment.swift */ = {isa = PBXFileReference; lastKnownFileType = sourcecode.swift; path = AppEnvironment.swift; sourceTree = "<group>"; };
		9DDCBEC32225C80D00DD1C09 /* Environment.swift */ = {isa = PBXFileReference; lastKnownFileType = sourcecode.swift; path = Environment.swift; sourceTree = "<group>"; };
		9DDCBEC52225C9BF00DD1C09 /* API.swift */ = {isa = PBXFileReference; lastKnownFileType = sourcecode.swift; path = API.swift; sourceTree = "<group>"; };
		9DDCBEC92225CAAC00DD1C09 /* APIResponse.swift */ = {isa = PBXFileReference; lastKnownFileType = sourcecode.swift; path = APIResponse.swift; sourceTree = "<group>"; };
		9DDCBECB2225CABD00DD1C09 /* APICollection.swift */ = {isa = PBXFileReference; lastKnownFileType = sourcecode.swift; path = APICollection.swift; sourceTree = "<group>"; };
		9DDCBECD2225CAC900DD1C09 /* MarvelHero.swift */ = {isa = PBXFileReference; lastKnownFileType = sourcecode.swift; path = MarvelHero.swift; sourceTree = "<group>"; };
		9DDCBECF2225CAEA00DD1C09 /* Thumbnail.swift */ = {isa = PBXFileReference; lastKnownFileType = sourcecode.swift; path = Thumbnail.swift; sourceTree = "<group>"; };
		9DDCBED12225CB4F00DD1C09 /* Result.swift */ = {isa = PBXFileReference; lastKnownFileType = sourcecode.swift; path = Result.swift; sourceTree = "<group>"; };
		9DDCBED42225CB9A00DD1C09 /* MD5.swift */ = {isa = PBXFileReference; lastKnownFileType = sourcecode.swift; path = MD5.swift; sourceTree = "<group>"; };
		9DDCBED62225D66E00DD1C09 /* CardCell.swift */ = {isa = PBXFileReference; lastKnownFileType = sourcecode.swift; path = CardCell.swift; sourceTree = "<group>"; };
		9DDCBED82225D6EE00DD1C09 /* Nibloadable.swift */ = {isa = PBXFileReference; fileEncoding = 4; lastKnownFileType = sourcecode.swift; path = Nibloadable.swift; sourceTree = "<group>"; };
		9DDCBEDA2225D6EF00DD1C09 /* StoryboardInstantiable.swift */ = {isa = PBXFileReference; fileEncoding = 4; lastKnownFileType = sourcecode.swift; path = StoryboardInstantiable.swift; sourceTree = "<group>"; };
		9DDCBEDE2225D72400DD1C09 /* CardCell.xib */ = {isa = PBXFileReference; lastKnownFileType = file.xib; path = CardCell.xib; sourceTree = "<group>"; };
		9DDCBEE02225F33800DD1C09 /* UIImageView+Extensions.swift */ = {isa = PBXFileReference; lastKnownFileType = sourcecode.swift; path = "UIImageView+Extensions.swift"; sourceTree = "<group>"; };
		A23BF120B0C8C34C72B32E21 /* Pods-MarvelApp.release.xcconfig */ = {isa = PBXFileReference; includeInIndex = 1; lastKnownFileType = text.xcconfig; name = "Pods-MarvelApp.release.xcconfig"; path = "Target Support Files/Pods-MarvelApp/Pods-MarvelApp.release.xcconfig"; sourceTree = "<group>"; };
		AF04B93028184FEF002A9C02 /* HeroListSnapshotTests.swift */ = {isa = PBXFileReference; lastKnownFileType = sourcecode.swift; path = HeroListSnapshotTests.swift; sourceTree = "<group>"; };
		AF04B932281850DE002A9C02 /* MockHeroListOutput.swift */ = {isa = PBXFileReference; lastKnownFileType = sourcecode.swift; path = MockHeroListOutput.swift; sourceTree = "<group>"; };
		AF04B934281854AB002A9C02 /* HeroDetailSnapshotTests.swift */ = {isa = PBXFileReference; lastKnownFileType = sourcecode.swift; path = HeroDetailSnapshotTests.swift; sourceTree = "<group>"; };
		AF04B93628185508002A9C02 /* MockHeroDetailOutput.swift */ = {isa = PBXFileReference; lastKnownFileType = sourcecode.swift; path = MockHeroDetailOutput.swift; sourceTree = "<group>"; };
		AF04B939281B2C9B002A9C02 /* ActionSheet.swift */ = {isa = PBXFileReference; lastKnownFileType = sourcecode.swift; path = ActionSheet.swift; sourceTree = "<group>"; };
		AF04B93B281B2D93002A9C02 /* ActionSheetConfiguration.swift */ = {isa = PBXFileReference; fileEncoding = 4; lastKnownFileType = sourcecode.swift; path = ActionSheetConfiguration.swift; sourceTree = "<group>"; };
		AF04B93C281B2D93002A9C02 /* ActionSheetAnimator.swift */ = {isa = PBXFileReference; fileEncoding = 4; lastKnownFileType = sourcecode.swift; path = ActionSheetAnimator.swift; sourceTree = "<group>"; };
		AF04B93D281B2D93002A9C02 /* DefaultActionView.swift */ = {isa = PBXFileReference; fileEncoding = 4; lastKnownFileType = sourcecode.swift; path = DefaultActionView.swift; sourceTree = "<group>"; };
		AF04B93E281B2D93002A9C02 /* ActionSheetConstants.swift */ = {isa = PBXFileReference; fileEncoding = 4; lastKnownFileType = sourcecode.swift; path = ActionSheetConstants.swift; sourceTree = "<group>"; };
		AF04B93F281B2D93002A9C02 /* ActionSheetTransitionDelegate.swift */ = {isa = PBXFileReference; fileEncoding = 4; lastKnownFileType = sourcecode.swift; path = ActionSheetTransitionDelegate.swift; sourceTree = "<group>"; };
		AF04B940281B2D93002A9C02 /* ActionSheetPresenter.swift */ = {isa = PBXFileReference; fileEncoding = 4; lastKnownFileType = sourcecode.swift; path = ActionSheetPresenter.swift; sourceTree = "<group>"; };
		AF04B947281B2EF2002A9C02 /* UIViewControllerTransitionCoordinator+Extensions.swift */ = {isa = PBXFileReference; fileEncoding = 4; lastKnownFileType = sourcecode.swift; path = "UIViewControllerTransitionCoordinator+Extensions.swift"; sourceTree = "<group>"; };
		AF04B949281B461D002A9C02 /* ActionSheetTests.swift */ = {isa = PBXFileReference; fileEncoding = 4; lastKnownFileType = sourcecode.swift; path = ActionSheetTests.swift; sourceTree = "<group>"; };
		AF04B94B281C143A002A9C02 /* Snapshotting+Extensions.swift */ = {isa = PBXFileReference; lastKnownFileType = sourcecode.swift; path = "Snapshotting+Extensions.swift"; sourceTree = "<group>"; };
		AF04B94D281C2528002A9C02 /* Images.swift */ = {isa = PBXFileReference; lastKnownFileType = sourcecode.swift; path = Images.swift; sourceTree = "<group>"; };
		AF9E54782817260700759DC3 /* MarvelAppTests.xctest */ = {isa = PBXFileReference; explicitFileType = wrapper.cfbundle; includeInIndex = 0; path = MarvelAppTests.xctest; sourceTree = BUILT_PRODUCTS_DIR; };
		AFEAB51D281722D200A1679B /* MarvelApp.playground */ = {isa = PBXFileReference; lastKnownFileType = file.playground; path = MarvelApp.playground; sourceTree = "<group>"; xcLanguageSpecificationIdentifier = xcode.lang.swift; };
		BAE7549EBD199889EFF3A3C6 /* Pods_MarvelApp.framework */ = {isa = PBXFileReference; explicitFileType = wrapper.framework; includeInIndex = 0; path = Pods_MarvelApp.framework; sourceTree = BUILT_PRODUCTS_DIR; };
		D7A13B0B6248826E706128CE /* Pods-MarvelAppTests.release.xcconfig */ = {isa = PBXFileReference; includeInIndex = 1; lastKnownFileType = text.xcconfig; name = "Pods-MarvelAppTests.release.xcconfig"; path = "Target Support Files/Pods-MarvelAppTests/Pods-MarvelAppTests.release.xcconfig"; sourceTree = "<group>"; };
		E575683D7A48B8FEC7BF5202 /* Pods_MarvelApp_MarvelAppUITests.framework */ = {isa = PBXFileReference; explicitFileType = wrapper.framework; includeInIndex = 0; path = Pods_MarvelApp_MarvelAppUITests.framework; sourceTree = BUILT_PRODUCTS_DIR; };
		EF0D72ADDD1EEE469733B96E /* Pods-MarvelApp.debug.xcconfig */ = {isa = PBXFileReference; includeInIndex = 1; lastKnownFileType = text.xcconfig; name = "Pods-MarvelApp.debug.xcconfig"; path = "Target Support Files/Pods-MarvelApp/Pods-MarvelApp.debug.xcconfig"; sourceTree = "<group>"; };
		F78BFC7FFFDEC3F3ADF42D7D /* Pods-MarvelApp-MarvelAppUITests.release.xcconfig */ = {isa = PBXFileReference; includeInIndex = 1; lastKnownFileType = text.xcconfig; name = "Pods-MarvelApp-MarvelAppUITests.release.xcconfig"; path = "Target Support Files/Pods-MarvelApp-MarvelAppUITests/Pods-MarvelApp-MarvelAppUITests.release.xcconfig"; sourceTree = "<group>"; };
		FA31FC3141A6747E7BC6324F /* Pods-MarvelApp-MarvelAppUITests.debug.xcconfig */ = {isa = PBXFileReference; includeInIndex = 1; lastKnownFileType = text.xcconfig; name = "Pods-MarvelApp-MarvelAppUITests.debug.xcconfig"; path = "Target Support Files/Pods-MarvelApp-MarvelAppUITests/Pods-MarvelApp-MarvelAppUITests.debug.xcconfig"; sourceTree = "<group>"; };
/* End PBXFileReference section */

/* Begin PBXFrameworksBuildPhase section */
		9DDCBE892225B3ED00DD1C09 /* Frameworks */ = {
			isa = PBXFrameworksBuildPhase;
			buildActionMask = 2147483647;
			files = (
				FAE87337A91BE5DA70A3EB9A /* Pods_MarvelApp.framework in Frameworks */,
			);
			runOnlyForDeploymentPostprocessing = 0;
		};
		AF9E54752817260700759DC3 /* Frameworks */ = {
			isa = PBXFrameworksBuildPhase;
			buildActionMask = 2147483647;
			files = (
				82E3901D7B843F84FD8D1FA0 /* Pods_MarvelAppTests.framework in Frameworks */,
			);
			runOnlyForDeploymentPostprocessing = 0;
		};
/* End PBXFrameworksBuildPhase section */

/* Begin PBXGroup section */
		10954C0916D8ED3380CB309F /* Pods */ = {
			isa = PBXGroup;
			children = (
				EF0D72ADDD1EEE469733B96E /* Pods-MarvelApp.debug.xcconfig */,
				A23BF120B0C8C34C72B32E21 /* Pods-MarvelApp.release.xcconfig */,
				FA31FC3141A6747E7BC6324F /* Pods-MarvelApp-MarvelAppUITests.debug.xcconfig */,
				F78BFC7FFFDEC3F3ADF42D7D /* Pods-MarvelApp-MarvelAppUITests.release.xcconfig */,
				5E6130B8D42E2E2F4584A309 /* Pods-MarvelAppTests.debug.xcconfig */,
				D7A13B0B6248826E706128CE /* Pods-MarvelAppTests.release.xcconfig */,
			);
			path = Pods;
			sourceTree = "<group>";
		};
		17947C1312EC84079E4E22BF /* Frameworks */ = {
			isa = PBXGroup;
			children = (
				539C4CA425061F0BB6845B71 /* iOS */,
				BAE7549EBD199889EFF3A3C6 /* Pods_MarvelApp.framework */,
				E575683D7A48B8FEC7BF5202 /* Pods_MarvelApp_MarvelAppUITests.framework */,
				7C3FD8D13396551028F8B2BA /* Pods_MarvelAppTests.framework */,
			);
			name = Frameworks;
			sourceTree = "<group>";
		};
		539C4CA425061F0BB6845B71 /* iOS */ = {
			isa = PBXGroup;
			children = (
				5B0017EAECC0E0F582B92D99 /* Foundation.framework */,
			);
			name = iOS;
			sourceTree = "<group>";
		};
		9D325FCB222B06AD00DC3270 /* Modules */ = {
			isa = PBXGroup;
			children = (
				9D325FCD222B06C400DC3270 /* HeroDetail */,
				9D325FCC222B06B400DC3270 /* HeroList */,
			);
			name = Modules;
			path = ..;
			sourceTree = "<group>";
		};
		9D325FCC222B06B400DC3270 /* HeroList */ = {
			isa = PBXGroup;
			children = (
				9DDCBE912225B3ED00DD1C09 /* HeroListViewController.swift */,
				9D47DEA022287D870089F0AE /* HeroListBuilder.swift */,
				9D47DE9E22287CCA0089F0AE /* HeroListInteractor.swift */,
				9DDCBE932225B3ED00DD1C09 /* HeroList.storyboard */,
			);
			name = HeroList;
			sourceTree = "<group>";
		};
		9D325FCD222B06C400DC3270 /* HeroDetail */ = {
			isa = PBXGroup;
			children = (
				9D47DEC3222AB6990089F0AE /* HeroDetailViewController.swift */,
				9D325FCE222B06E200DC3270 /* HeroDetailInteractor.swift */,
				9D325FD0222B06E900DC3270 /* HeroDetailBuilder.swift */,
				9D47DED1222AC9FD0089F0AE /* HeroDetail.storyboard */,
			);
			name = HeroDetail;
			sourceTree = "<group>";
		};
		9D325FD2222B06F200DC3270 /* Cells */ = {
			isa = PBXGroup;
			children = (
				9D47DED3222ACB7C0089F0AE /* PosterCell.swift */,
				9D47DED5222ACB850089F0AE /* PosterCell.xib */,
				9DDCBED62225D66E00DD1C09 /* CardCell.swift */,
				9DDCBEDE2225D72400DD1C09 /* CardCell.xib */,
			);
			name = Cells;
			path = ../..;
			sourceTree = "<group>";
		};
		9D325FD4222B071000DC3270 /* SectionHeaders */ = {
			isa = PBXGroup;
			children = (
				9D47DEDD222AE0C80089F0AE /* HeroDetailSectionHeader.swift */,
			);
			name = SectionHeaders;
			path = ../..;
			sourceTree = "<group>";
		};
		9D325FD5222B074800DC3270 /* Mocks */ = {
			isa = PBXGroup;
			children = (
				9D47DEBD222892400089F0AE /* MockHeroListInput.swift */,
				AF04B932281850DE002A9C02 /* MockHeroListOutput.swift */,
				AF04B93628185508002A9C02 /* MockHeroDetailOutput.swift */,
				9D325FDB222B1B9700DC3270 /* MockHeroDetailInput.swift */,
				9D47DEB722288EA30089F0AE /* MockAPI.swift */,
				9DB09385222D5830003EFF7D /* MockFavoritesService.swift */,
				9D47DEC122296A720089F0AE /* MockAPICollection.swift */,
				9D47DEB922288F780089F0AE /* MockMarvelHero.swift */,
				9D325FDD222B24F400DC3270 /* MockHeroProduct.swift */,
				9D47DEBB2228908B0089F0AE /* MockThumbnail.swift */,
			);
			path = Mocks;
			sourceTree = "<group>";
		};
		9D325FD6222B075000DC3270 /* Helpers */ = {
			isa = PBXGroup;
			children = (
				9D47DEB322288CAB0089F0AE /* FuncCheck.swift */,
				AF04B94B281C143A002A9C02 /* Snapshotting+Extensions.swift */,
				9D325FDF222B2AE600DC3270 /* XCTestCaseExtensions.swift */,
				9D47DEBF222967250089F0AE /* ClosureStub.swift */,
			);
			path = Helpers;
			sourceTree = "<group>";
		};
		9D325FE1222C175600DC3270 /* Resources */ = {
			isa = PBXGroup;
			children = (
				8F7FD48BFD9E5DDCD6435245 /* Info.plist */,
				9D325FE2222C179200DC3270 /* Images.xcassets */,
			);
			name = Resources;
			path = ..;
			sourceTree = "<group>";
		};
		9D325FE6222C1D6100DC3270 /* Services */ = {
			isa = PBXGroup;
			children = (
				9D325FE7222C1D7E00DC3270 /* FavoritesService.swift */,
			);
			name = Services;
			path = ..;
			sourceTree = "<group>";
		};
		9DDCBE832225B3EC00DD1C09 = {
			isa = PBXGroup;
			children = (
				AFEAB51D281722D200A1679B /* MarvelApp.playground */,
				9DDCBE8E2225B3ED00DD1C09 /* MarvelApp */,
				AF9E54792817260700759DC3 /* MarvelAppTests */,
				9DDCBE8D2225B3ED00DD1C09 /* Products */,
				17947C1312EC84079E4E22BF /* Frameworks */,
				10954C0916D8ED3380CB309F /* Pods */,
			);
			sourceTree = "<group>";
		};
		9DDCBE8D2225B3ED00DD1C09 /* Products */ = {
			isa = PBXGroup;
			children = (
				9DDCBE8C2225B3ED00DD1C09 /* MarvelApp.app */,
				AF9E54782817260700759DC3 /* MarvelAppTests.xctest */,
			);
			name = Products;
			sourceTree = "<group>";
		};
		9DDCBE8E2225B3ED00DD1C09 /* MarvelApp */ = {
			isa = PBXGroup;
			children = (
				9DDCBE8F2225B3ED00DD1C09 /* AppDelegate.swift */,
				9DDCBEC12225C80800DD1C09 /* AppEnvironment.swift */,
				9DDCBEC32225C80D00DD1C09 /* Environment.swift */,
				9D325FE1222C175600DC3270 /* Resources */,
				9D325FCB222B06AD00DC3270 /* Modules */,
				9DDCBED32225CB9000DD1C09 /* Helpers */,
				9D325FE6222C1D6100DC3270 /* Services */,
				9DDCBEC72225CA7F00DD1C09 /* API */,
				9DDCBEBF2225B59700DD1C09 /* UI */,
				9DDCBEC02225B5A800DD1C09 /* Resources */,
			);
			path = MarvelApp;
			sourceTree = "<group>";
		};
		9DDCBEBF2225B59700DD1C09 /* UI */ = {
			isa = PBXGroup;
			children = (
				AF04B938281B2C8F002A9C02 /* ActionSheet */,
				9D325FD4222B071000DC3270 /* SectionHeaders */,
				9D325FD2222B06F200DC3270 /* Cells */,
				9DDCBE982225B3EE00DD1C09 /* LaunchScreen.storyboard */,
			);
			path = UI;
			sourceTree = "<group>";
		};
		9DDCBEC02225B5A800DD1C09 /* Resources */ = {
			isa = PBXGroup;
			children = (
				9DDCBE962225B3EE00DD1C09 /* Assets.xcassets */,
				9DDCBE9B2225B3EE00DD1C09 /* Info.plist */,
			);
			path = Resources;
			sourceTree = "<group>";
		};
		9DDCBEC72225CA7F00DD1C09 /* API */ = {
			isa = PBXGroup;
			children = (
				9DDCBEC52225C9BF00DD1C09 /* API.swift */,
				9D47DE9B22287BAC0089F0AE /* PageOffsetGenerator.swift */,
				9D8EDC3C22273189009912FC /* HeroListRequest.swift */,
				9D47DECF222AC61D0089F0AE /* HeroProductsRequest.swift */,
				9D4462A522273BC000E25672 /* RequestType.swift */,
				9DDCBED12225CB4F00DD1C09 /* Result.swift */,
				9DDCBEC82225CA8800DD1C09 /* Models */,
			);
			name = API;
			path = ..;
			sourceTree = "<group>";
		};
		9DDCBEC82225CA8800DD1C09 /* Models */ = {
			isa = PBXGroup;
			children = (
				9DDCBEC92225CAAC00DD1C09 /* APIResponse.swift */,
				9DDCBECB2225CABD00DD1C09 /* APICollection.swift */,
				9DDCBECD2225CAC900DD1C09 /* MarvelHero.swift */,
				9D47DEC5222ABCA30089F0AE /* HeroProduct.swift */,
				9DDCBECF2225CAEA00DD1C09 /* Thumbnail.swift */,
			);
			name = Models;
			sourceTree = "<group>";
		};
		9DDCBED32225CB9000DD1C09 /* Helpers */ = {
			isa = PBXGroup;
			children = (
				9DDCBED82225D6EE00DD1C09 /* Nibloadable.swift */,
				9DB09387222D82C7003EFF7D /* Tagged.swift */,
				9D325FD7222B0AB100DC3270 /* Dequeuer.swift */,
				9D47DEA22228877A0089F0AE /* UIView+Extensions.swift */,
				9DDCBEDA2225D6EF00DD1C09 /* StoryboardInstantiable.swift */,
				9DDCBED42225CB9A00DD1C09 /* MD5.swift */,
				9DDCBEE02225F33800DD1C09 /* UIImageView+Extensions.swift */,
				AF04B947281B2EF2002A9C02 /* UIViewControllerTransitionCoordinator+Extensions.swift */,
				AF04B94D281C2528002A9C02 /* Images.swift */,
			);
			name = Helpers;
			path = ..;
			sourceTree = "<group>";
		};
		AF04B938281B2C8F002A9C02 /* ActionSheet */ = {
			isa = PBXGroup;
			children = (
				AF04B939281B2C9B002A9C02 /* ActionSheet.swift */,
				AF04B93C281B2D93002A9C02 /* ActionSheetAnimator.swift */,
				AF04B93B281B2D93002A9C02 /* ActionSheetConfiguration.swift */,
				AF04B93E281B2D93002A9C02 /* ActionSheetConstants.swift */,
				AF04B940281B2D93002A9C02 /* ActionSheetPresenter.swift */,
				AF04B93F281B2D93002A9C02 /* ActionSheetTransitionDelegate.swift */,
				AF04B93D281B2D93002A9C02 /* DefaultActionView.swift */,
			);
			name = ActionSheet;
			path = ../..;
			sourceTree = "<group>";
		};
		AF9E54792817260700759DC3 /* MarvelAppTests */ = {
			isa = PBXGroup;
			children = (
				9D325FD9222B0F0000DC3270 /* HeroDetailInteractorTests.swift */,
				9D47DEAA22288C1E0089F0AE /* HeroListInteractorTests.swift */,
				AF04B93028184FEF002A9C02 /* HeroListSnapshotTests.swift */,
				AF04B934281854AB002A9C02 /* HeroDetailSnapshotTests.swift */,
				AF04B949281B461D002A9C02 /* ActionSheetTests.swift */,
				9D325FD5222B074800DC3270 /* Mocks */,
				9D325FD6222B075000DC3270 /* Helpers */,
			);
			path = MarvelAppTests;
			sourceTree = "<group>";
		};
/* End PBXGroup section */

/* Begin PBXNativeTarget section */
		9DDCBE8B2225B3ED00DD1C09 /* MarvelApp */ = {
			isa = PBXNativeTarget;
			buildConfigurationList = 9DDCBEB42225B3EF00DD1C09 /* Build configuration list for PBXNativeTarget "MarvelApp" */;
			buildPhases = (
				A5F5DB4BDCF90A6FAFBA4230 /* [CP] Check Pods Manifest.lock */,
				9DDCBE882225B3ED00DD1C09 /* Sources */,
				9DDCBE892225B3ED00DD1C09 /* Frameworks */,
				9DDCBE8A2225B3ED00DD1C09 /* Resources */,
				9DDCBEE42225F37F00DD1C09 /* Embed Frameworks */,
				C02BF3F8254F8BA7A1B6EBAA /* [CP] Embed Pods Frameworks */,
			);
			buildRules = (
			);
			dependencies = (
			);
			name = MarvelApp;
			productName = MarvelApp;
			productReference = 9DDCBE8C2225B3ED00DD1C09 /* MarvelApp.app */;
			productType = "com.apple.product-type.application";
		};
		AF9E54772817260700759DC3 /* MarvelAppTests */ = {
			isa = PBXNativeTarget;
			buildConfigurationList = AF9E547E2817260700759DC3 /* Build configuration list for PBXNativeTarget "MarvelAppTests" */;
			buildPhases = (
				B163AAE3543A2BB839534584 /* [CP] Check Pods Manifest.lock */,
				AF9E54742817260700759DC3 /* Sources */,
				AF9E54752817260700759DC3 /* Frameworks */,
				AF9E54762817260700759DC3 /* Resources */,
				EC1330B887650010E51A385C /* [CP] Embed Pods Frameworks */,
			);
			buildRules = (
			);
			dependencies = (
				AF9E547D2817260700759DC3 /* PBXTargetDependency */,
			);
			name = MarvelAppTests;
			productName = MarvelAppTests;
			productReference = AF9E54782817260700759DC3 /* MarvelAppTests.xctest */;
			productType = "com.apple.product-type.bundle.unit-test";
		};
/* End PBXNativeTarget section */

/* Begin PBXProject section */
		9DDCBE842225B3EC00DD1C09 /* Project object */ = {
			isa = PBXProject;
			attributes = {
				LastSwiftUpdateCheck = 1330;
				LastUpgradeCheck = 1330;
				ORGANIZATIONNAME = TestCompany;
				TargetAttributes = {
					9DDCBE8B2225B3ED00DD1C09 = {
						CreatedOnToolsVersion = 10.1;
						LastSwiftMigration = 1330;
					};
					AF9E54772817260700759DC3 = {
						CreatedOnToolsVersion = 13.3.1;
						TestTargetID = 9DDCBE8B2225B3ED00DD1C09;
					};
				};
			};
			buildConfigurationList = 9DDCBE872225B3EC00DD1C09 /* Build configuration list for PBXProject "MarvelApp" */;
			compatibilityVersion = "Xcode 9.3";
			developmentRegion = en;
			hasScannedForEncodings = 0;
			knownRegions = (
				en,
				Base,
			);
			mainGroup = 9DDCBE832225B3EC00DD1C09;
			productRefGroup = 9DDCBE8D2225B3ED00DD1C09 /* Products */;
			projectDirPath = "";
			projectRoot = "";
			targets = (
				9DDCBE8B2225B3ED00DD1C09 /* MarvelApp */,
				AF9E54772817260700759DC3 /* MarvelAppTests */,
			);
		};
/* End PBXProject section */

/* Begin PBXResourcesBuildPhase section */
		9DDCBE8A2225B3ED00DD1C09 /* Resources */ = {
			isa = PBXResourcesBuildPhase;
			buildActionMask = 2147483647;
			files = (
				AF9E5459281725A900759DC3 /* HeroList.storyboard in Resources */,
				AF9E545E281725B300759DC3 /* CardCell.xib in Resources */,
				AF9E544F2817259800759DC3 /* HeroDetail.storyboard in Resources */,
				9DDCBE9A2225B3EE00DD1C09 /* LaunchScreen.storyboard in Resources */,
				AF9E545C281725B300759DC3 /* PosterCell.xib in Resources */,
				9DDCBE972225B3EE00DD1C09 /* Assets.xcassets in Resources */,
			);
			runOnlyForDeploymentPostprocessing = 0;
		};
		AF9E54762817260700759DC3 /* Resources */ = {
			isa = PBXResourcesBuildPhase;
			buildActionMask = 2147483647;
			files = (
			);
			runOnlyForDeploymentPostprocessing = 0;
		};
/* End PBXResourcesBuildPhase section */

/* Begin PBXShellScriptBuildPhase section */
		A5F5DB4BDCF90A6FAFBA4230 /* [CP] Check Pods Manifest.lock */ = {
			isa = PBXShellScriptBuildPhase;
			buildActionMask = 2147483647;
			files = (
			);
			inputFileListPaths = (
			);
			inputPaths = (
				"${PODS_PODFILE_DIR_PATH}/Podfile.lock",
				"${PODS_ROOT}/Manifest.lock",
			);
			name = "[CP] Check Pods Manifest.lock";
			outputFileListPaths = (
			);
			outputPaths = (
				"$(DERIVED_FILE_DIR)/Pods-MarvelApp-checkManifestLockResult.txt",
			);
			runOnlyForDeploymentPostprocessing = 0;
			shellPath = /bin/sh;
			shellScript = "diff \"${PODS_PODFILE_DIR_PATH}/Podfile.lock\" \"${PODS_ROOT}/Manifest.lock\" > /dev/null\nif [ $? != 0 ] ; then\n    # print error to STDERR\n    echo \"error: The sandbox is not in sync with the Podfile.lock. Run 'pod install' or update your CocoaPods installation.\" >&2\n    exit 1\nfi\n# This output is used by Xcode 'outputs' to avoid re-running this script phase.\necho \"SUCCESS\" > \"${SCRIPT_OUTPUT_FILE_0}\"\n";
			showEnvVarsInLog = 0;
		};
		B163AAE3543A2BB839534584 /* [CP] Check Pods Manifest.lock */ = {
			isa = PBXShellScriptBuildPhase;
			buildActionMask = 2147483647;
			files = (
			);
			inputFileListPaths = (
			);
			inputPaths = (
				"${PODS_PODFILE_DIR_PATH}/Podfile.lock",
				"${PODS_ROOT}/Manifest.lock",
			);
			name = "[CP] Check Pods Manifest.lock";
			outputFileListPaths = (
			);
			outputPaths = (
				"$(DERIVED_FILE_DIR)/Pods-MarvelAppTests-checkManifestLockResult.txt",
			);
			runOnlyForDeploymentPostprocessing = 0;
			shellPath = /bin/sh;
			shellScript = "diff \"${PODS_PODFILE_DIR_PATH}/Podfile.lock\" \"${PODS_ROOT}/Manifest.lock\" > /dev/null\nif [ $? != 0 ] ; then\n    # print error to STDERR\n    echo \"error: The sandbox is not in sync with the Podfile.lock. Run 'pod install' or update your CocoaPods installation.\" >&2\n    exit 1\nfi\n# This output is used by Xcode 'outputs' to avoid re-running this script phase.\necho \"SUCCESS\" > \"${SCRIPT_OUTPUT_FILE_0}\"\n";
			showEnvVarsInLog = 0;
		};
		C02BF3F8254F8BA7A1B6EBAA /* [CP] Embed Pods Frameworks */ = {
			isa = PBXShellScriptBuildPhase;
			buildActionMask = 2147483647;
			files = (
			);
			inputFileListPaths = (
				"${PODS_ROOT}/Target Support Files/Pods-MarvelApp/Pods-MarvelApp-frameworks-${CONFIGURATION}-input-files.xcfilelist",
			);
			name = "[CP] Embed Pods Frameworks";
			outputFileListPaths = (
				"${PODS_ROOT}/Target Support Files/Pods-MarvelApp/Pods-MarvelApp-frameworks-${CONFIGURATION}-output-files.xcfilelist",
			);
			runOnlyForDeploymentPostprocessing = 0;
			shellPath = /bin/sh;
			shellScript = "\"${PODS_ROOT}/Target Support Files/Pods-MarvelApp/Pods-MarvelApp-frameworks.sh\"\n";
			showEnvVarsInLog = 0;
		};
		EC1330B887650010E51A385C /* [CP] Embed Pods Frameworks */ = {
			isa = PBXShellScriptBuildPhase;
			buildActionMask = 2147483647;
			files = (
			);
			inputFileListPaths = (
				"${PODS_ROOT}/Target Support Files/Pods-MarvelAppTests/Pods-MarvelAppTests-frameworks-${CONFIGURATION}-input-files.xcfilelist",
			);
			name = "[CP] Embed Pods Frameworks";
			outputFileListPaths = (
				"${PODS_ROOT}/Target Support Files/Pods-MarvelAppTests/Pods-MarvelAppTests-frameworks-${CONFIGURATION}-output-files.xcfilelist",
			);
			runOnlyForDeploymentPostprocessing = 0;
			shellPath = /bin/sh;
			shellScript = "\"${PODS_ROOT}/Target Support Files/Pods-MarvelAppTests/Pods-MarvelAppTests-frameworks.sh\"\n";
			showEnvVarsInLog = 0;
		};
/* End PBXShellScriptBuildPhase section */

/* Begin PBXSourcesBuildPhase section */
		9DDCBE882225B3ED00DD1C09 /* Sources */ = {
			isa = PBXSourcesBuildPhase;
			buildActionMask = 2147483647;
			files = (
				AF04B948281B2EF2002A9C02 /* UIViewControllerTransitionCoordinator+Extensions.swift in Sources */,
				AF04B942281B2D93002A9C02 /* ActionSheetAnimator.swift in Sources */,
				AF9E545B281725B300759DC3 /* PosterCell.swift in Sources */,
				AF9E5457281725A400759DC3 /* HeroListInteractor.swift in Sources */,
				AF9E5458281725A400759DC3 /* HeroListBuilder.swift in Sources */,
				AF9E5471281725CE00759DC3 /* Thumbnail.swift in Sources */,
				9DDCBE902225B3ED00DD1C09 /* AppDelegate.swift in Sources */,
				AF9E5473281725CE00759DC3 /* APIResponse.swift in Sources */,
				AF9E5470281725CE00759DC3 /* APICollection.swift in Sources */,
				AF9E5460281725BA00759DC3 /* StoryboardInstantiable.swift in Sources */,
				AF9E546A281725C900759DC3 /* Result.swift in Sources */,
				AF9E546D281725C900759DC3 /* PageOffsetGenerator.swift in Sources */,
				AF9E545A281725AE00759DC3 /* HeroDetailSectionHeader.swift in Sources */,
				AF9E546C281725C900759DC3 /* API.swift in Sources */,
				AF9E5467281725BA00759DC3 /* UIImageView+Extensions.swift in Sources */,
				AF9E5465281725BA00759DC3 /* MD5.swift in Sources */,
				AF9E544E2817257D00759DC3 /* Environment.swift in Sources */,
				AF04B946281B2D93002A9C02 /* ActionSheetPresenter.swift in Sources */,
				AF9E5466281725BA00759DC3 /* Dequeuer.swift in Sources */,
				AF9E54502817259800759DC3 /* HeroDetailInteractor.swift in Sources */,
				AF9E545F281725BA00759DC3 /* Tagged.swift in Sources */,
				AF9E546F281725CE00759DC3 /* MarvelHero.swift in Sources */,
				AF04B943281B2D93002A9C02 /* DefaultActionView.swift in Sources */,
				AF9E5456281725A400759DC3 /* HeroListViewController.swift in Sources */,
				AF9E5462281725BA00759DC3 /* UIView+Extensions.swift in Sources */,
				AF04B93A281B2C9B002A9C02 /* ActionSheet.swift in Sources */,
				AF9E5468281725C300759DC3 /* FavoritesService.swift in Sources */,
				AF9E54512817259800759DC3 /* HeroDetailViewController.swift in Sources */,
				AF9E54522817259800759DC3 /* HeroDetailBuilder.swift in Sources */,
				AF9E5469281725C900759DC3 /* HeroListRequest.swift in Sources */,
				AF9E546E281725C900759DC3 /* RequestType.swift in Sources */,
				AF04B941281B2D93002A9C02 /* ActionSheetConfiguration.swift in Sources */,
				AF9E5472281725CE00759DC3 /* HeroProduct.swift in Sources */,
				AF9E5463281725BA00759DC3 /* Nibloadable.swift in Sources */,
				AF9E546B281725C900759DC3 /* HeroProductsRequest.swift in Sources */,
				AF04B945281B2D93002A9C02 /* ActionSheetTransitionDelegate.swift in Sources */,
				AF9E544D2817257A00759DC3 /* AppEnvironment.swift in Sources */,
				AF04B94E281C2528002A9C02 /* Images.swift in Sources */,
				AF9E545D281725B300759DC3 /* CardCell.swift in Sources */,
				AF04B944281B2D93002A9C02 /* ActionSheetConstants.swift in Sources */,
			);
			runOnlyForDeploymentPostprocessing = 0;
		};
		AF9E54742817260700759DC3 /* Sources */ = {
			isa = PBXSourcesBuildPhase;
			buildActionMask = 2147483647;
			files = (
				AF9E54812817260F00759DC3 /* HeroListInteractorTests.swift in Sources */,
				AF04B933281850DE002A9C02 /* MockHeroListOutput.swift in Sources */,
				AF9E54882817261300759DC3 /* MockMarvelHero.swift in Sources */,
				AF9E54872817261300759DC3 /* MockHeroProduct.swift in Sources */,
				AF9E54852817261300759DC3 /* MockHeroDetailInput.swift in Sources */,
				AF9E548B2817261800759DC3 /* FuncCheck.swift in Sources */,
				AF04B93728185508002A9C02 /* MockHeroDetailOutput.swift in Sources */,
				AF9E548D2817261800759DC3 /* ClosureStub.swift in Sources */,
				AF9E548A2817261300759DC3 /* MockAPICollection.swift in Sources */,
				AF04B93128184FEF002A9C02 /* HeroListSnapshotTests.swift in Sources */,
				AF04B94A281B461D002A9C02 /* ActionSheetTests.swift in Sources */,
				AF9E54842817261300759DC3 /* MockThumbnail.swift in Sources */,
				AF9E54862817261300759DC3 /* MockAPI.swift in Sources */,
				AF9E54822817260F00759DC3 /* HeroDetailInteractorTests.swift in Sources */,
				AF04B935281854AB002A9C02 /* HeroDetailSnapshotTests.swift in Sources */,
				AF04B94C281C143A002A9C02 /* Snapshotting+Extensions.swift in Sources */,
				AF9E54892817261300759DC3 /* MockFavoritesService.swift in Sources */,
				AF9E54832817261300759DC3 /* MockHeroListInput.swift in Sources */,
				AF9E548C2817261800759DC3 /* XCTestCaseExtensions.swift in Sources */,
			);
			runOnlyForDeploymentPostprocessing = 0;
		};
/* End PBXSourcesBuildPhase section */

/* Begin PBXTargetDependency section */
		AF9E547D2817260700759DC3 /* PBXTargetDependency */ = {
			isa = PBXTargetDependency;
			target = 9DDCBE8B2225B3ED00DD1C09 /* MarvelApp */;
			targetProxy = AF9E547C2817260700759DC3 /* PBXContainerItemProxy */;
		};
/* End PBXTargetDependency section */

/* Begin PBXVariantGroup section */
		9DDCBE932225B3ED00DD1C09 /* HeroList.storyboard */ = {
			isa = PBXVariantGroup;
			children = (
				9DDCBE942225B3ED00DD1C09 /* Base */,
			);
			name = HeroList.storyboard;
			sourceTree = "<group>";
		};
		9DDCBE982225B3EE00DD1C09 /* LaunchScreen.storyboard */ = {
			isa = PBXVariantGroup;
			children = (
				9DDCBE992225B3EE00DD1C09 /* Base */,
			);
			name = LaunchScreen.storyboard;
			sourceTree = "<group>";
		};
/* End PBXVariantGroup section */

/* Begin XCBuildConfiguration section */
		9DDCBEB22225B3EF00DD1C09 /* Debug */ = {
			isa = XCBuildConfiguration;
			buildSettings = {
				ALWAYS_SEARCH_USER_PATHS = NO;
				CLANG_ANALYZER_NONNULL = YES;
				CLANG_ANALYZER_NUMBER_OBJECT_CONVERSION = YES_AGGRESSIVE;
				CLANG_CXX_LANGUAGE_STANDARD = "gnu++14";
				CLANG_CXX_LIBRARY = "libc++";
				CLANG_ENABLE_MODULES = YES;
				CLANG_ENABLE_OBJC_ARC = YES;
				CLANG_ENABLE_OBJC_WEAK = YES;
				CLANG_WARN_BLOCK_CAPTURE_AUTORELEASING = YES;
				CLANG_WARN_BOOL_CONVERSION = YES;
				CLANG_WARN_COMMA = YES;
				CLANG_WARN_CONSTANT_CONVERSION = YES;
				CLANG_WARN_DEPRECATED_OBJC_IMPLEMENTATIONS = YES;
				CLANG_WARN_DIRECT_OBJC_ISA_USAGE = YES_ERROR;
				CLANG_WARN_DOCUMENTATION_COMMENTS = YES;
				CLANG_WARN_EMPTY_BODY = YES;
				CLANG_WARN_ENUM_CONVERSION = YES;
				CLANG_WARN_INFINITE_RECURSION = YES;
				CLANG_WARN_INT_CONVERSION = YES;
				CLANG_WARN_NON_LITERAL_NULL_CONVERSION = YES;
				CLANG_WARN_OBJC_IMPLICIT_RETAIN_SELF = YES;
				CLANG_WARN_OBJC_LITERAL_CONVERSION = YES;
				CLANG_WARN_OBJC_ROOT_CLASS = YES_ERROR;
				CLANG_WARN_QUOTED_INCLUDE_IN_FRAMEWORK_HEADER = YES;
				CLANG_WARN_RANGE_LOOP_ANALYSIS = YES;
				CLANG_WARN_STRICT_PROTOTYPES = YES;
				CLANG_WARN_SUSPICIOUS_MOVE = YES;
				CLANG_WARN_UNGUARDED_AVAILABILITY = YES_AGGRESSIVE;
				CLANG_WARN_UNREACHABLE_CODE = YES;
				CLANG_WARN__DUPLICATE_METHOD_MATCH = YES;
				CODE_SIGN_IDENTITY = "iPhone Developer";
				COPY_PHASE_STRIP = NO;
				DEBUG_INFORMATION_FORMAT = dwarf;
				ENABLE_STRICT_OBJC_MSGSEND = YES;
				ENABLE_TESTABILITY = YES;
				GCC_C_LANGUAGE_STANDARD = gnu11;
				GCC_DYNAMIC_NO_PIC = NO;
				GCC_NO_COMMON_BLOCKS = YES;
				GCC_OPTIMIZATION_LEVEL = 0;
				GCC_PREPROCESSOR_DEFINITIONS = (
					"DEBUG=1",
					"$(inherited)",
				);
				GCC_WARN_64_TO_32_BIT_CONVERSION = YES;
				GCC_WARN_ABOUT_RETURN_TYPE = YES_ERROR;
				GCC_WARN_UNDECLARED_SELECTOR = YES;
				GCC_WARN_UNINITIALIZED_AUTOS = YES_AGGRESSIVE;
				GCC_WARN_UNUSED_FUNCTION = YES;
				GCC_WARN_UNUSED_VARIABLE = YES;
				IPHONEOS_DEPLOYMENT_TARGET = 12.0;
				MTL_ENABLE_DEBUG_INFO = INCLUDE_SOURCE;
				MTL_FAST_MATH = YES;
				ONLY_ACTIVE_ARCH = YES;
				SDKROOT = iphoneos;
				SWIFT_ACTIVE_COMPILATION_CONDITIONS = DEBUG;
				SWIFT_OPTIMIZATION_LEVEL = "-Onone";
			};
			name = Debug;
		};
		9DDCBEB32225B3EF00DD1C09 /* Release */ = {
			isa = XCBuildConfiguration;
			buildSettings = {
				ALWAYS_SEARCH_USER_PATHS = NO;
				CLANG_ANALYZER_NONNULL = YES;
				CLANG_ANALYZER_NUMBER_OBJECT_CONVERSION = YES_AGGRESSIVE;
				CLANG_CXX_LANGUAGE_STANDARD = "gnu++14";
				CLANG_CXX_LIBRARY = "libc++";
				CLANG_ENABLE_MODULES = YES;
				CLANG_ENABLE_OBJC_ARC = YES;
				CLANG_ENABLE_OBJC_WEAK = YES;
				CLANG_WARN_BLOCK_CAPTURE_AUTORELEASING = YES;
				CLANG_WARN_BOOL_CONVERSION = YES;
				CLANG_WARN_COMMA = YES;
				CLANG_WARN_CONSTANT_CONVERSION = YES;
				CLANG_WARN_DEPRECATED_OBJC_IMPLEMENTATIONS = YES;
				CLANG_WARN_DIRECT_OBJC_ISA_USAGE = YES_ERROR;
				CLANG_WARN_DOCUMENTATION_COMMENTS = YES;
				CLANG_WARN_EMPTY_BODY = YES;
				CLANG_WARN_ENUM_CONVERSION = YES;
				CLANG_WARN_INFINITE_RECURSION = YES;
				CLANG_WARN_INT_CONVERSION = YES;
				CLANG_WARN_NON_LITERAL_NULL_CONVERSION = YES;
				CLANG_WARN_OBJC_IMPLICIT_RETAIN_SELF = YES;
				CLANG_WARN_OBJC_LITERAL_CONVERSION = YES;
				CLANG_WARN_OBJC_ROOT_CLASS = YES_ERROR;
				CLANG_WARN_QUOTED_INCLUDE_IN_FRAMEWORK_HEADER = YES;
				CLANG_WARN_RANGE_LOOP_ANALYSIS = YES;
				CLANG_WARN_STRICT_PROTOTYPES = YES;
				CLANG_WARN_SUSPICIOUS_MOVE = YES;
				CLANG_WARN_UNGUARDED_AVAILABILITY = YES_AGGRESSIVE;
				CLANG_WARN_UNREACHABLE_CODE = YES;
				CLANG_WARN__DUPLICATE_METHOD_MATCH = YES;
				CODE_SIGN_IDENTITY = "iPhone Developer";
				COPY_PHASE_STRIP = NO;
				DEBUG_INFORMATION_FORMAT = "dwarf-with-dsym";
				ENABLE_NS_ASSERTIONS = NO;
				ENABLE_STRICT_OBJC_MSGSEND = YES;
				GCC_C_LANGUAGE_STANDARD = gnu11;
				GCC_NO_COMMON_BLOCKS = YES;
				GCC_WARN_64_TO_32_BIT_CONVERSION = YES;
				GCC_WARN_ABOUT_RETURN_TYPE = YES_ERROR;
				GCC_WARN_UNDECLARED_SELECTOR = YES;
				GCC_WARN_UNINITIALIZED_AUTOS = YES_AGGRESSIVE;
				GCC_WARN_UNUSED_FUNCTION = YES;
				GCC_WARN_UNUSED_VARIABLE = YES;
				IPHONEOS_DEPLOYMENT_TARGET = 12.0;
				MTL_ENABLE_DEBUG_INFO = NO;
				MTL_FAST_MATH = YES;
				SDKROOT = iphoneos;
				SWIFT_COMPILATION_MODE = wholemodule;
				SWIFT_OPTIMIZATION_LEVEL = "-O";
				VALIDATE_PRODUCT = YES;
			};
			name = Release;
		};
		9DDCBEB52225B3EF00DD1C09 /* Debug */ = {
			isa = XCBuildConfiguration;
			baseConfigurationReference = EF0D72ADDD1EEE469733B96E /* Pods-MarvelApp.debug.xcconfig */;
			buildSettings = {
				ASSETCATALOG_COMPILER_APPICON_NAME = AppIcon;
				CODE_SIGN_STYLE = Automatic;
				DEVELOPMENT_TEAM = 7C2WZ3W3L2;
				INFOPLIST_FILE = "$(SRCROOT)/MarvelApp/Resources/Info.plist";
				IPHONEOS_DEPLOYMENT_TARGET = 12.0;
				LD_RUNPATH_SEARCH_PATHS = (
					"$(inherited)",
					"@executable_path/Frameworks",
				);
				PRODUCT_BUNDLE_IDENTIFIER = com.testcompany.MarvelApp;
				PRODUCT_NAME = "$(TARGET_NAME)";
				SWIFT_VERSION = 5.0;
				TARGETED_DEVICE_FAMILY = "1,2";
			};
			name = Debug;
		};
		9DDCBEB62225B3EF00DD1C09 /* Release */ = {
			isa = XCBuildConfiguration;
			baseConfigurationReference = A23BF120B0C8C34C72B32E21 /* Pods-MarvelApp.release.xcconfig */;
			buildSettings = {
				ASSETCATALOG_COMPILER_APPICON_NAME = AppIcon;
				CODE_SIGN_STYLE = Automatic;
				DEVELOPMENT_TEAM = 7C2WZ3W3L2;
				INFOPLIST_FILE = "$(SRCROOT)/MarvelApp/Resources/Info.plist";
				LD_RUNPATH_SEARCH_PATHS = (
					"$(inherited)",
					"@executable_path/Frameworks",
				);
				PRODUCT_BUNDLE_IDENTIFIER = com.testcompany.MarvelApp;
				PRODUCT_NAME = "$(TARGET_NAME)";
				SWIFT_VERSION = 5.0;
				TARGETED_DEVICE_FAMILY = "1,2";
			};
			name = Release;
		};
		AF9E547F2817260700759DC3 /* Debug */ = {
			isa = XCBuildConfiguration;
			baseConfigurationReference = 5E6130B8D42E2E2F4584A309 /* Pods-MarvelAppTests.debug.xcconfig */;
			buildSettings = {
				BUNDLE_LOADER = "$(TEST_HOST)";
				CLANG_CXX_LANGUAGE_STANDARD = "gnu++17";
				CODE_SIGN_STYLE = Automatic;
				CURRENT_PROJECT_VERSION = 1;
				GENERATE_INFOPLIST_FILE = YES;
				IPHONEOS_DEPLOYMENT_TARGET = 12.0;
				MARKETING_VERSION = 1.0;
				PRODUCT_BUNDLE_IDENTIFIER = com.haphazardapps.MarvelAppTests;
				PRODUCT_NAME = "$(TARGET_NAME)";
				SWIFT_EMIT_LOC_STRINGS = NO;
				SWIFT_VERSION = 5.0;
				TARGETED_DEVICE_FAMILY = "1,2";
				TEST_HOST = "$(BUILT_PRODUCTS_DIR)/MarvelApp.app/MarvelApp";
			};
			name = Debug;
		};
		AF9E54802817260700759DC3 /* Release */ = {
			isa = XCBuildConfiguration;
			baseConfigurationReference = D7A13B0B6248826E706128CE /* Pods-MarvelAppTests.release.xcconfig */;
			buildSettings = {
				BUNDLE_LOADER = "$(TEST_HOST)";
				CLANG_CXX_LANGUAGE_STANDARD = "gnu++17";
				CODE_SIGN_STYLE = Automatic;
				CURRENT_PROJECT_VERSION = 1;
				GENERATE_INFOPLIST_FILE = YES;
				IPHONEOS_DEPLOYMENT_TARGET = 12.0;
				MARKETING_VERSION = 1.0;
				PRODUCT_BUNDLE_IDENTIFIER = com.haphazardapps.MarvelAppTests;
				PRODUCT_NAME = "$(TARGET_NAME)";
				SWIFT_EMIT_LOC_STRINGS = NO;
				SWIFT_VERSION = 5.0;
				TARGETED_DEVICE_FAMILY = "1,2";
				TEST_HOST = "$(BUILT_PRODUCTS_DIR)/MarvelApp.app/MarvelApp";
			};
			name = Release;
		};
/* End XCBuildConfiguration section */

/* Begin XCConfigurationList section */
		9DDCBE872225B3EC00DD1C09 /* Build configuration list for PBXProject "MarvelApp" */ = {
			isa = XCConfigurationList;
			buildConfigurations = (
				9DDCBEB22225B3EF00DD1C09 /* Debug */,
				9DDCBEB32225B3EF00DD1C09 /* Release */,
			);
			defaultConfigurationIsVisible = 0;
			defaultConfigurationName = Release;
		};
		9DDCBEB42225B3EF00DD1C09 /* Build configuration list for PBXNativeTarget "MarvelApp" */ = {
			isa = XCConfigurationList;
			buildConfigurations = (
				9DDCBEB52225B3EF00DD1C09 /* Debug */,
				9DDCBEB62225B3EF00DD1C09 /* Release */,
			);
			defaultConfigurationIsVisible = 0;
			defaultConfigurationName = Release;
		};
		AF9E547E2817260700759DC3 /* Build configuration list for PBXNativeTarget "MarvelAppTests" */ = {
			isa = XCConfigurationList;
			buildConfigurations = (
				AF9E547F2817260700759DC3 /* Debug */,
				AF9E54802817260700759DC3 /* Release */,
			);
			defaultConfigurationIsVisible = 0;
			defaultConfigurationName = Release;
		};
/* End XCConfigurationList section */
	};
	rootObject = 9DDCBE842225B3EC00DD1C09 /* Project object */;
}
